
Microsoft Visual Studio Solution File, Format Version 12.00
# Visual Studio 15
VisualStudioVersion = 15.0.28307.1000
MinimumVisualStudioVersion = 10.0.40219.1
Project("{FAE04EC0-301F-11D3-BF4B-00C04F79EFBC}") = "Events", "Events\Events.csproj", "{1F248F85-90FE-4A4C-B8F2-CA3F777C7D87}"
EndProject
Global
	GlobalSection(SolutionConfigurationPlatforms) = preSolution
		Debug|Any CPU = Debug|Any CPU
		Release|Any CPU = Release|Any CPU
	EndGlobalSection
	GlobalSection(ProjectConfigurationPlatforms) = postSolution
		{1F248F85-90FE-4A4C-B8F2-CA3F777C7D87}.Debug|Any CPU.ActiveCfg = Debug|Any CPU
		{1F248F85-90FE-4A4C-B8F2-CA3F777C7D87}.Debug|Any CPU.Build.0 = Debug|Any CPU
		{1F248F85-90FE-4A4C-B8F2-CA3F777C7D87}.Release|Any CPU.ActiveCfg = Release|Any CPU
		{1F248F85-90FE-4A4C-B8F2-CA3F777C7D87}.Release|Any CPU.Build.0 = Release|Any CPU
	EndGlobalSection
	GlobalSection(SolutionProperties) = preSolution
		HideSolutionNode = FALSE
	EndGlobalSection
	GlobalSection(ExtensibilityGlobals) = postSolution
		SolutionGuid = {F830E33A-6024-4FB0-9ED3-6D83BE341406}
	EndGlobalSection
EndGlobal
