
Microsoft Visual Studio Solution File, Format Version 12.00
# Visual Studio 15
VisualStudioVersion = 15.0.28307.1000
MinimumVisualStudioVersion = 10.0.40219.1
Project("{FAE04EC0-301F-11D3-BF4B-00C04F79EFBC}") = "hashedset", "hashedset\hashedset.csproj", "{4A220E1E-CC18-480C-8B69-8098B85A5459}"
EndProject
Global
	GlobalSection(SolutionConfigurationPlatforms) = preSolution
		Debug|Any CPU = Debug|Any CPU
		Release|Any CPU = Release|Any CPU
	EndGlobalSection
	GlobalSection(ProjectConfigurationPlatforms) = postSolution
		{4A220E1E-CC18-480C-8B69-8098B85A5459}.Debug|Any CPU.ActiveCfg = Debug|Any CPU
		{4A220E1E-CC18-480C-8B69-8098B85A5459}.Debug|Any CPU.Build.0 = Debug|Any CPU
		{4A220E1E-CC18-480C-8B69-8098B85A5459}.Release|Any CPU.ActiveCfg = Release|Any CPU
		{4A220E1E-CC18-480C-8B69-8098B85A5459}.Release|Any CPU.Build.0 = Release|Any CPU
	EndGlobalSection
	GlobalSection(SolutionProperties) = preSolution
		HideSolutionNode = FALSE
	EndGlobalSection
	GlobalSection(ExtensibilityGlobals) = postSolution
		SolutionGuid = {79F0CEBD-7EFF-4F26-9ED0-712B1EE06BCD}
	EndGlobalSection
EndGlobal
