
Microsoft Visual Studio Solution File, Format Version 12.00
# Visual Studio 15
VisualStudioVersion = 15.0.28307.1000
MinimumVisualStudioVersion = 10.0.40219.1
Project("{FAE04EC0-301F-11D3-BF4B-00C04F79EFBC}") = "GroupChatServer", "GroupChatServer\GroupChatServer.csproj", "{2458FFE3-8620-4C5C-89A5-7C5512186221}"
EndProject
Project("{FAE04EC0-301F-11D3-BF4B-00C04F79EFBC}") = "ChatClient", "ChatClient\ChatClient.csproj", "{7726AFB0-51A9-488E-86A3-391DFC7FB791}"
EndProject
Global
	GlobalSection(SolutionConfigurationPlatforms) = preSolution
		Debug|Any CPU = Debug|Any CPU
		Release|Any CPU = Release|Any CPU
	EndGlobalSection
	GlobalSection(ProjectConfigurationPlatforms) = postSolution
		{2458FFE3-8620-4C5C-89A5-7C5512186221}.Debug|Any CPU.ActiveCfg = Debug|Any CPU
		{2458FFE3-8620-4C5C-89A5-7C5512186221}.Debug|Any CPU.Build.0 = Debug|Any CPU
		{2458FFE3-8620-4C5C-89A5-7C5512186221}.Release|Any CPU.ActiveCfg = Release|Any CPU
		{2458FFE3-8620-4C5C-89A5-7C5512186221}.Release|Any CPU.Build.0 = Release|Any CPU
		{7726AFB0-51A9-488E-86A3-391DFC7FB791}.Debug|Any CPU.ActiveCfg = Debug|Any CPU
		{7726AFB0-51A9-488E-86A3-391DFC7FB791}.Debug|Any CPU.Build.0 = Debug|Any CPU
		{7726AFB0-51A9-488E-86A3-391DFC7FB791}.Release|Any CPU.ActiveCfg = Release|Any CPU
		{7726AFB0-51A9-488E-86A3-391DFC7FB791}.Release|Any CPU.Build.0 = Release|Any CPU
	EndGlobalSection
	GlobalSection(SolutionProperties) = preSolution
		HideSolutionNode = FALSE
	EndGlobalSection
	GlobalSection(ExtensibilityGlobals) = postSolution
		SolutionGuid = {7D573056-353F-492C-8ECF-DFD9A796603D}
	EndGlobalSection
EndGlobal
