
Microsoft Visual Studio Solution File, Format Version 12.00
# Visual Studio 15
VisualStudioVersion = 15.0.28010.2026
MinimumVisualStudioVersion = 10.0.40219.1
Project("{FAE04EC0-301F-11D3-BF4B-00C04F79EFBC}") = "invalidcastexeption", "invalidcastexeption\invalidcastexeption.csproj", "{8FBDB007-981E-4402-83BE-B0FCFC33EDAD}"
EndProject
Global
	GlobalSection(SolutionConfigurationPlatforms) = preSolution
		Debug|Any CPU = Debug|Any CPU
		Release|Any CPU = Release|Any CPU
	EndGlobalSection
	GlobalSection(ProjectConfigurationPlatforms) = postSolution
		{8FBDB007-981E-4402-83BE-B0FCFC33EDAD}.Debug|Any CPU.ActiveCfg = Debug|Any CPU
		{8FBDB007-981E-4402-83BE-B0FCFC33EDAD}.Debug|Any CPU.Build.0 = Debug|Any CPU
		{8FBDB007-981E-4402-83BE-B0FCFC33EDAD}.Release|Any CPU.ActiveCfg = Release|Any CPU
		{8FBDB007-981E-4402-83BE-B0FCFC33EDAD}.Release|Any CPU.Build.0 = Release|Any CPU
	EndGlobalSection
	GlobalSection(SolutionProperties) = preSolution
		HideSolutionNode = FALSE
	EndGlobalSection
	GlobalSection(ExtensibilityGlobals) = postSolution
		SolutionGuid = {9BAFDCD1-946E-4221-930B-DC85D013960B}
	EndGlobalSection
EndGlobal
