
Microsoft Visual Studio Solution File, Format Version 12.00
# Visual Studio 15
VisualStudioVersion = 15.0.28307.1000
MinimumVisualStudioVersion = 10.0.40219.1
Project("{FAE04EC0-301F-11D3-BF4B-00C04F79EFBC}") = "delegatesex1", "delegatesex1\delegatesex1.csproj", "{FD1EDF89-66E7-4EA1-A713-4281A52F1B8B}"
EndProject
Global
	GlobalSection(SolutionConfigurationPlatforms) = preSolution
		Debug|Any CPU = Debug|Any CPU
		Release|Any CPU = Release|Any CPU
	EndGlobalSection
	GlobalSection(ProjectConfigurationPlatforms) = postSolution
		{FD1EDF89-66E7-4EA1-A713-4281A52F1B8B}.Debug|Any CPU.ActiveCfg = Debug|Any CPU
		{FD1EDF89-66E7-4EA1-A713-4281A52F1B8B}.Debug|Any CPU.Build.0 = Debug|Any CPU
		{FD1EDF89-66E7-4EA1-A713-4281A52F1B8B}.Release|Any CPU.ActiveCfg = Release|Any CPU
		{FD1EDF89-66E7-4EA1-A713-4281A52F1B8B}.Release|Any CPU.Build.0 = Release|Any CPU
	EndGlobalSection
	GlobalSection(SolutionProperties) = preSolution
		HideSolutionNode = FALSE
	EndGlobalSection
	GlobalSection(ExtensibilityGlobals) = postSolution
		SolutionGuid = {BAFE531E-26F7-4166-852D-1CE79EA92564}
	EndGlobalSection
EndGlobal
