
Microsoft Visual Studio Solution File, Format Version 12.00
# Visual Studio 15
VisualStudioVersion = 15.0.28307.1000
MinimumVisualStudioVersion = 10.0.40219.1
Project("{FAE04EC0-301F-11D3-BF4B-00C04F79EFBC}") = "Eventargs", "Eventargs\Eventargs.csproj", "{80F3FAD0-497D-4EB7-992C-FA4046AA999A}"
EndProject
Global
	GlobalSection(SolutionConfigurationPlatforms) = preSolution
		Debug|Any CPU = Debug|Any CPU
		Release|Any CPU = Release|Any CPU
	EndGlobalSection
	GlobalSection(ProjectConfigurationPlatforms) = postSolution
		{80F3FAD0-497D-4EB7-992C-FA4046AA999A}.Debug|Any CPU.ActiveCfg = Debug|Any CPU
		{80F3FAD0-497D-4EB7-992C-FA4046AA999A}.Debug|Any CPU.Build.0 = Debug|Any CPU
		{80F3FAD0-497D-4EB7-992C-FA4046AA999A}.Release|Any CPU.ActiveCfg = Release|Any CPU
		{80F3FAD0-497D-4EB7-992C-FA4046AA999A}.Release|Any CPU.Build.0 = Release|Any CPU
	EndGlobalSection
	GlobalSection(SolutionProperties) = preSolution
		HideSolutionNode = FALSE
	EndGlobalSection
	GlobalSection(ExtensibilityGlobals) = postSolution
		SolutionGuid = {EB2CCFC2-15A6-4598-8A9A-88CDD4EF1257}
	EndGlobalSection
EndGlobal
