
Microsoft Visual Studio Solution File, Format Version 12.00
# Visual Studio 15
VisualStudioVersion = 15.0.28307.1000
MinimumVisualStudioVersion = 10.0.40219.1
Project("{A07B5EB6-E848-4116-A8D0-A826331D98C6}") = "storeapp", "storeapp\storeapp.sfproj", "{4B2255B6-7458-4061-9B8D-96213372AF2B}"
EndProject
Project("{9A19103F-16F7-4668-BE54-9A1E7A4F7556}") = "Productcat", "Productcat\Productcat.csproj", "{A3FDCC4B-026D-4A6B-BCA8-5B952D9CCFDF}"
EndProject
Project("{9A19103F-16F7-4668-BE54-9A1E7A4F7556}") = "customeranal", "customeranal\customeranal.csproj", "{EDD6DFAF-1C9A-44B0-BCEC-1ED17C19A9C3}"
EndProject
Project("{9A19103F-16F7-4668-BE54-9A1E7A4F7556}") = "communication", "communication\communication.csproj", "{27E37C3F-D3D7-4F09-A8F8-EAB8943D17C8}"
EndProject
Project("{FAE04EC0-301F-11D3-BF4B-00C04F79EFBC}") = "communicationapi", "communicationapi\communicationapi.csproj", "{64AC251D-C3EC-4968-8411-68C809B5C81B}"
EndProject
Global
	GlobalSection(SolutionConfigurationPlatforms) = preSolution
		Debug|Any CPU = Debug|Any CPU
		Debug|x64 = Debug|x64
		Release|Any CPU = Release|Any CPU
		Release|x64 = Release|x64
	EndGlobalSection
	GlobalSection(ProjectConfigurationPlatforms) = postSolution
		{4B2255B6-7458-4061-9B8D-96213372AF2B}.Debug|Any CPU.ActiveCfg = Debug|x64
		{4B2255B6-7458-4061-9B8D-96213372AF2B}.Debug|x64.ActiveCfg = Debug|x64
		{4B2255B6-7458-4061-9B8D-96213372AF2B}.Debug|x64.Build.0 = Debug|x64
		{4B2255B6-7458-4061-9B8D-96213372AF2B}.Debug|x64.Deploy.0 = Debug|x64
		{4B2255B6-7458-4061-9B8D-96213372AF2B}.Release|Any CPU.ActiveCfg = Release|x64
		{4B2255B6-7458-4061-9B8D-96213372AF2B}.Release|x64.ActiveCfg = Release|x64
		{4B2255B6-7458-4061-9B8D-96213372AF2B}.Release|x64.Build.0 = Release|x64
		{4B2255B6-7458-4061-9B8D-96213372AF2B}.Release|x64.Deploy.0 = Release|x64
		{A3FDCC4B-026D-4A6B-BCA8-5B952D9CCFDF}.Debug|Any CPU.ActiveCfg = Debug|Any CPU
		{A3FDCC4B-026D-4A6B-BCA8-5B952D9CCFDF}.Debug|Any CPU.Build.0 = Debug|Any CPU
		{A3FDCC4B-026D-4A6B-BCA8-5B952D9CCFDF}.Debug|x64.ActiveCfg = Debug|Any CPU
		{A3FDCC4B-026D-4A6B-BCA8-5B952D9CCFDF}.Debug|x64.Build.0 = Debug|Any CPU
		{A3FDCC4B-026D-4A6B-BCA8-5B952D9CCFDF}.Release|Any CPU.ActiveCfg = Release|Any CPU
		{A3FDCC4B-026D-4A6B-BCA8-5B952D9CCFDF}.Release|Any CPU.Build.0 = Release|Any CPU
		{A3FDCC4B-026D-4A6B-BCA8-5B952D9CCFDF}.Release|x64.ActiveCfg = Release|Any CPU
		{A3FDCC4B-026D-4A6B-BCA8-5B952D9CCFDF}.Release|x64.Build.0 = Release|Any CPU
		{EDD6DFAF-1C9A-44B0-BCEC-1ED17C19A9C3}.Debug|Any CPU.ActiveCfg = Debug|Any CPU
		{EDD6DFAF-1C9A-44B0-BCEC-1ED17C19A9C3}.Debug|Any CPU.Build.0 = Debug|Any CPU
		{EDD6DFAF-1C9A-44B0-BCEC-1ED17C19A9C3}.Debug|x64.ActiveCfg = Debug|Any CPU
		{EDD6DFAF-1C9A-44B0-BCEC-1ED17C19A9C3}.Debug|x64.Build.0 = Debug|Any CPU
		{EDD6DFAF-1C9A-44B0-BCEC-1ED17C19A9C3}.Release|Any CPU.ActiveCfg = Release|Any CPU
		{EDD6DFAF-1C9A-44B0-BCEC-1ED17C19A9C3}.Release|Any CPU.Build.0 = Release|Any CPU
		{EDD6DFAF-1C9A-44B0-BCEC-1ED17C19A9C3}.Release|x64.ActiveCfg = Release|Any CPU
		{EDD6DFAF-1C9A-44B0-BCEC-1ED17C19A9C3}.Release|x64.Build.0 = Release|Any CPU
		{27E37C3F-D3D7-4F09-A8F8-EAB8943D17C8}.Debug|Any CPU.ActiveCfg = Debug|Any CPU
		{27E37C3F-D3D7-4F09-A8F8-EAB8943D17C8}.Debug|Any CPU.Build.0 = Debug|Any CPU
		{27E37C3F-D3D7-4F09-A8F8-EAB8943D17C8}.Debug|x64.ActiveCfg = Debug|Any CPU
		{27E37C3F-D3D7-4F09-A8F8-EAB8943D17C8}.Debug|x64.Build.0 = Debug|Any CPU
		{27E37C3F-D3D7-4F09-A8F8-EAB8943D17C8}.Release|Any CPU.ActiveCfg = Release|Any CPU
		{27E37C3F-D3D7-4F09-A8F8-EAB8943D17C8}.Release|Any CPU.Build.0 = Release|Any CPU
		{27E37C3F-D3D7-4F09-A8F8-EAB8943D17C8}.Release|x64.ActiveCfg = Release|Any CPU
		{27E37C3F-D3D7-4F09-A8F8-EAB8943D17C8}.Release|x64.Build.0 = Release|Any CPU
		{64AC251D-C3EC-4968-8411-68C809B5C81B}.Debug|Any CPU.ActiveCfg = Debug|Any CPU
		{64AC251D-C3EC-4968-8411-68C809B5C81B}.Debug|Any CPU.Build.0 = Debug|Any CPU
		{64AC251D-C3EC-4968-8411-68C809B5C81B}.Debug|x64.ActiveCfg = Debug|Any CPU
		{64AC251D-C3EC-4968-8411-68C809B5C81B}.Debug|x64.Build.0 = Debug|Any CPU
		{64AC251D-C3EC-4968-8411-68C809B5C81B}.Release|Any CPU.ActiveCfg = Release|Any CPU
		{64AC251D-C3EC-4968-8411-68C809B5C81B}.Release|Any CPU.Build.0 = Release|Any CPU
		{64AC251D-C3EC-4968-8411-68C809B5C81B}.Release|x64.ActiveCfg = Release|Any CPU
		{64AC251D-C3EC-4968-8411-68C809B5C81B}.Release|x64.Build.0 = Release|Any CPU
	EndGlobalSection
	GlobalSection(SolutionProperties) = preSolution
		HideSolutionNode = FALSE
	EndGlobalSection
	GlobalSection(ExtensibilityGlobals) = postSolution
		SolutionGuid = {60990521-FCE3-404D-9695-4B29F75556A1}
	EndGlobalSection
EndGlobal
