
Microsoft Visual Studio Solution File, Format Version 12.00
# Visual Studio 15
VisualStudioVersion = 15.0.28010.2026
MinimumVisualStudioVersion = 10.0.40219.1
Project("{FAE04EC0-301F-11D3-BF4B-00C04F79EFBC}") = "property", "property\property.csproj", "{83013B88-C3CA-4B28-90B8-38001D79A74F}"
EndProject
Global
	GlobalSection(SolutionConfigurationPlatforms) = preSolution
		Debug|Any CPU = Debug|Any CPU
		Release|Any CPU = Release|Any CPU
	EndGlobalSection
	GlobalSection(ProjectConfigurationPlatforms) = postSolution
		{83013B88-C3CA-4B28-90B8-38001D79A74F}.Debug|Any CPU.ActiveCfg = Debug|Any CPU
		{83013B88-C3CA-4B28-90B8-38001D79A74F}.Debug|Any CPU.Build.0 = Debug|Any CPU
		{83013B88-C3CA-4B28-90B8-38001D79A74F}.Release|Any CPU.ActiveCfg = Release|Any CPU
		{83013B88-C3CA-4B28-90B8-38001D79A74F}.Release|Any CPU.Build.0 = Release|Any CPU
	EndGlobalSection
	GlobalSection(SolutionProperties) = preSolution
		HideSolutionNode = FALSE
	EndGlobalSection
	GlobalSection(ExtensibilityGlobals) = postSolution
		SolutionGuid = {BADBEFBB-C7C2-4DB8-9541-475EA9C855BF}
	EndGlobalSection
EndGlobal
