
Microsoft Visual Studio Solution File, Format Version 12.00
# Visual Studio 15
VisualStudioVersion = 15.0.28010.2026
MinimumVisualStudioVersion = 10.0.40219.1
Project("{FAE04EC0-301F-11D3-BF4B-00C04F79EFBC}") = "ClassLibrary1", "ClassLibrary1\ClassLibrary1.csproj", "{DC21462C-FED7-4B98-A49D-44F65DE090B2}"
EndProject
Global
	GlobalSection(SolutionConfigurationPlatforms) = preSolution
		Debug|Any CPU = Debug|Any CPU
		Release|Any CPU = Release|Any CPU
	EndGlobalSection
	GlobalSection(ProjectConfigurationPlatforms) = postSolution
		{DC21462C-FED7-4B98-A49D-44F65DE090B2}.Debug|Any CPU.ActiveCfg = Debug|Any CPU
		{DC21462C-FED7-4B98-A49D-44F65DE090B2}.Debug|Any CPU.Build.0 = Debug|Any CPU
		{DC21462C-FED7-4B98-A49D-44F65DE090B2}.Release|Any CPU.ActiveCfg = Release|Any CPU
		{DC21462C-FED7-4B98-A49D-44F65DE090B2}.Release|Any CPU.Build.0 = Release|Any CPU
	EndGlobalSection
	GlobalSection(SolutionProperties) = preSolution
		HideSolutionNode = FALSE
	EndGlobalSection
	GlobalSection(ExtensibilityGlobals) = postSolution
		SolutionGuid = {98962189-BAA4-41A3-BECC-006FF2CC82DD}
	EndGlobalSection
EndGlobal
