
Microsoft Visual Studio Solution File, Format Version 12.00
# Visual Studio 15
VisualStudioVersion = 15.0.28307.1000
MinimumVisualStudioVersion = 10.0.40219.1
Project("{FAE04EC0-301F-11D3-BF4B-00C04F79EFBC}") = "fileio", "fileio\fileio.csproj", "{D6BE19C9-9ACA-43E0-8248-F664F6160575}"
EndProject
Global
	GlobalSection(SolutionConfigurationPlatforms) = preSolution
		Debug|Any CPU = Debug|Any CPU
		Release|Any CPU = Release|Any CPU
	EndGlobalSection
	GlobalSection(ProjectConfigurationPlatforms) = postSolution
		{D6BE19C9-9ACA-43E0-8248-F664F6160575}.Debug|Any CPU.ActiveCfg = Debug|Any CPU
		{D6BE19C9-9ACA-43E0-8248-F664F6160575}.Debug|Any CPU.Build.0 = Debug|Any CPU
		{D6BE19C9-9ACA-43E0-8248-F664F6160575}.Release|Any CPU.ActiveCfg = Release|Any CPU
		{D6BE19C9-9ACA-43E0-8248-F664F6160575}.Release|Any CPU.Build.0 = Release|Any CPU
	EndGlobalSection
	GlobalSection(SolutionProperties) = preSolution
		HideSolutionNode = FALSE
	EndGlobalSection
	GlobalSection(ExtensibilityGlobals) = postSolution
		SolutionGuid = {E8A9B524-4F46-4DBB-8DBE-C853CE202216}
	EndGlobalSection
EndGlobal
