
Microsoft Visual Studio Solution File, Format Version 12.00
# Visual Studio 15
VisualStudioVersion = 15.0.28307.1000
MinimumVisualStudioVersion = 10.0.40219.1
Project("{A07B5EB6-E848-4116-A8D0-A826331D98C6}") = "firstapp", "firstapp\firstapp.sfproj", "{E9B70C3B-1BE1-4607-8B5D-0F86A2B898CD}"
EndProject
Project("{9A19103F-16F7-4668-BE54-9A1E7A4F7556}") = "firststateless", "firststateless\firststateless.csproj", "{A434F2D5-AE8C-46E8-B551-642903C66247}"
EndProject
Project("{FAE04EC0-301F-11D3-BF4B-00C04F79EFBC}") = "firststatelessapi", "firststatelessapi\firststatelessapi.csproj", "{1B278AC6-6E6B-4176-8D06-231A192C1E7D}"
EndProject
Global
	GlobalSection(SolutionConfigurationPlatforms) = preSolution
		Debug|Any CPU = Debug|Any CPU
		Debug|x64 = Debug|x64
		Release|Any CPU = Release|Any CPU
		Release|x64 = Release|x64
	EndGlobalSection
	GlobalSection(ProjectConfigurationPlatforms) = postSolution
		{E9B70C3B-1BE1-4607-8B5D-0F86A2B898CD}.Debug|Any CPU.ActiveCfg = Debug|x64
		{E9B70C3B-1BE1-4607-8B5D-0F86A2B898CD}.Debug|x64.ActiveCfg = Debug|x64
		{E9B70C3B-1BE1-4607-8B5D-0F86A2B898CD}.Debug|x64.Build.0 = Debug|x64
		{E9B70C3B-1BE1-4607-8B5D-0F86A2B898CD}.Debug|x64.Deploy.0 = Debug|x64
		{E9B70C3B-1BE1-4607-8B5D-0F86A2B898CD}.Release|Any CPU.ActiveCfg = Release|x64
		{E9B70C3B-1BE1-4607-8B5D-0F86A2B898CD}.Release|x64.ActiveCfg = Release|x64
		{E9B70C3B-1BE1-4607-8B5D-0F86A2B898CD}.Release|x64.Build.0 = Release|x64
		{E9B70C3B-1BE1-4607-8B5D-0F86A2B898CD}.Release|x64.Deploy.0 = Release|x64
		{A434F2D5-AE8C-46E8-B551-642903C66247}.Debug|Any CPU.ActiveCfg = Debug|Any CPU
		{A434F2D5-AE8C-46E8-B551-642903C66247}.Debug|Any CPU.Build.0 = Debug|Any CPU
		{A434F2D5-AE8C-46E8-B551-642903C66247}.Debug|x64.ActiveCfg = Debug|Any CPU
		{A434F2D5-AE8C-46E8-B551-642903C66247}.Debug|x64.Build.0 = Debug|Any CPU
		{A434F2D5-AE8C-46E8-B551-642903C66247}.Release|Any CPU.ActiveCfg = Release|Any CPU
		{A434F2D5-AE8C-46E8-B551-642903C66247}.Release|Any CPU.Build.0 = Release|Any CPU
		{A434F2D5-AE8C-46E8-B551-642903C66247}.Release|x64.ActiveCfg = Release|Any CPU
		{A434F2D5-AE8C-46E8-B551-642903C66247}.Release|x64.Build.0 = Release|Any CPU
		{1B278AC6-6E6B-4176-8D06-231A192C1E7D}.Debug|Any CPU.ActiveCfg = Debug|Any CPU
		{1B278AC6-6E6B-4176-8D06-231A192C1E7D}.Debug|Any CPU.Build.0 = Debug|Any CPU
		{1B278AC6-6E6B-4176-8D06-231A192C1E7D}.Debug|x64.ActiveCfg = Debug|Any CPU
		{1B278AC6-6E6B-4176-8D06-231A192C1E7D}.Debug|x64.Build.0 = Debug|Any CPU
		{1B278AC6-6E6B-4176-8D06-231A192C1E7D}.Release|Any CPU.ActiveCfg = Release|Any CPU
		{1B278AC6-6E6B-4176-8D06-231A192C1E7D}.Release|Any CPU.Build.0 = Release|Any CPU
		{1B278AC6-6E6B-4176-8D06-231A192C1E7D}.Release|x64.ActiveCfg = Release|Any CPU
		{1B278AC6-6E6B-4176-8D06-231A192C1E7D}.Release|x64.Build.0 = Release|Any CPU
	EndGlobalSection
	GlobalSection(SolutionProperties) = preSolution
		HideSolutionNode = FALSE
	EndGlobalSection
	GlobalSection(ExtensibilityGlobals) = postSolution
		SolutionGuid = {77B62D45-F147-4DE0-A620-3ED2D451F86E}
	EndGlobalSection
EndGlobal
